
Microsoft Visual Studio Solution File, Format Version 12.00
# Visual Studio 15
Project("{FAE04EC0-301F-11D3-BF4B-00C04F79EFBC}") = "prims_algorithm", "prims_algorithm\prims_algorithm.csproj", "{DBA1652D-A97C-4757-A383-81F864C3FABA}"
EndProject
Global
	GlobalSection(SolutionConfigurationPlatforms) = preSolution
		Debug|Any CPU = Debug|Any CPU
		Release|Any CPU = Release|Any CPU
	EndGlobalSection
	GlobalSection(ProjectConfigurationPlatforms) = postSolution
		{DBA1652D-A97C-4757-A383-81F864C3FABA}.Debug|Any CPU.ActiveCfg = Debug|Any CPU
		{DBA1652D-A97C-4757-A383-81F864C3FABA}.Debug|Any CPU.Build.0 = Debug|Any CPU
		{DBA1652D-A97C-4757-A383-81F864C3FABA}.Release|Any CPU.ActiveCfg = Release|Any CPU
		{DBA1652D-A97C-4757-A383-81F864C3FABA}.Release|Any CPU.Build.0 = Release|Any CPU
	EndGlobalSection
EndGlobal
